
Microsoft Visual Studio Solution File, Format Version 12.00
# Visual Studio Version 17
VisualStudioVersion = 17.14.36301.6 d17.14
MinimumVisualStudioVersion = 10.0.40219.1
Project("{FAE04EC0-301F-11D3-BF4B-00C04F79EFBC}") = "MazeRunnerProject", "MazeRunnerProject\MazeRunnerProject.csproj", "{13EBA19D-9E69-4589-A9CB-5EF43F447966}"
EndProject
Global
	GlobalSection(SolutionConfigurationPlatforms) = preSolution
		Debug|Any CPU = Debug|Any CPU
		Release|Any CPU = Release|Any CPU
	EndGlobalSection
	GlobalSection(ProjectConfigurationPlatforms) = postSolution
		{13EBA19D-9E69-4589-A9CB-5EF43F447966}.Debug|Any CPU.ActiveCfg = Debug|Any CPU
		{13EBA19D-9E69-4589-A9CB-5EF43F447966}.Debug|Any CPU.Build.0 = Debug|Any CPU
		{13EBA19D-9E69-4589-A9CB-5EF43F447966}.Release|Any CPU.ActiveCfg = Release|Any CPU
		{13EBA19D-9E69-4589-A9CB-5EF43F447966}.Release|Any CPU.Build.0 = Release|Any CPU
	EndGlobalSection
	GlobalSection(SolutionProperties) = preSolution
		HideSolutionNode = FALSE
	EndGlobalSection
	GlobalSection(ExtensibilityGlobals) = postSolution
		SolutionGuid = {039D6571-1758-4C11-A95B-318B383446D1}
	EndGlobalSection
EndGlobal
